
Microsoft Visual Studio Solution File, Format Version 12.00
# Visual Studio Version 17
VisualStudioVersion = 17.3.32825.248
MinimumVisualStudioVersion = 10.0.40219.1
Project("{FAE04EC0-301F-11D3-BF4B-00C04F79EFBC}") = "RitaWebApppTest", "RitaWebApppTest.csproj", "{C7D3CB38-8AC2-4DD2-B654-15B8964323AF}"
EndProject
Global
	GlobalSection(SolutionConfigurationPlatforms) = preSolution
		Debug|Any CPU = Debug|Any CPU
		Release|Any CPU = Release|Any CPU
	EndGlobalSection
	GlobalSection(ProjectConfigurationPlatforms) = postSolution
		{C7D3CB38-8AC2-4DD2-B654-15B8964323AF}.Debug|Any CPU.ActiveCfg = Debug|Any CPU
		{C7D3CB38-8AC2-4DD2-B654-15B8964323AF}.Debug|Any CPU.Build.0 = Debug|Any CPU
		{C7D3CB38-8AC2-4DD2-B654-15B8964323AF}.Release|Any CPU.ActiveCfg = Release|Any CPU
		{C7D3CB38-8AC2-4DD2-B654-15B8964323AF}.Release|Any CPU.Build.0 = Release|Any CPU
	EndGlobalSection
	GlobalSection(SolutionProperties) = preSolution
		HideSolutionNode = FALSE
	EndGlobalSection
	GlobalSection(ExtensibilityGlobals) = postSolution
		SolutionGuid = {B0D4F036-2E73-40E7-A9C5-DA40D08D11B7}
	EndGlobalSection
EndGlobal
